
Microsoft Visual Studio Solution File, Format Version 12.00
# Visual Studio 15
Project("{FAE04EC0-301F-11D3-BF4B-00C04F79EFBC}") = "Unity.Timeline", "Unity.Timeline.csproj", "{30079865-AAD2-3B95-6A0F-5D30A076102E}"
EndProject
Project("{FAE04EC0-301F-11D3-BF4B-00C04F79EFBC}") = "Unity.Timeline.Editor", "Unity.Timeline.Editor.csproj", "{A6603FD5-F332-7B18-94DF-82A147DFBD65}"
EndProject
Project("{FAE04EC0-301F-11D3-BF4B-00C04F79EFBC}") = "Unity.TextMeshPro.Editor", "Unity.TextMeshPro.Editor.csproj", "{D93B05D7-82CF-E478-EBD6-78A6B83BC455}"
EndProject
Project("{FAE04EC0-301F-11D3-BF4B-00C04F79EFBC}") = "Unity.VisualScripting.Flow", "Unity.VisualScripting.Flow.csproj", "{99132B09-82D9-034C-EEEA-51EF4B8844D7}"
EndProject
Project("{FAE04EC0-301F-11D3-BF4B-00C04F79EFBC}") = "UnityEditor.UI", "UnityEditor.UI.csproj", "{6A431192-AB78-71E8-F79E-A87307DEA587}"
EndProject
Project("{FAE04EC0-301F-11D3-BF4B-00C04F79EFBC}") = "Unity.PlasticSCM.Editor", "Unity.PlasticSCM.Editor.csproj", "{4A0E8B0A-CEB6-DA06-F808-48F31994E839}"
EndProject
Project("{FAE04EC0-301F-11D3-BF4B-00C04F79EFBC}") = "Unity.VisualScripting.Core", "Unity.VisualScripting.Core.csproj", "{11F16769-35C0-22E0-81B2-3488F4444FBC}"
EndProject
Project("{FAE04EC0-301F-11D3-BF4B-00C04F79EFBC}") = "Unity.VisualScripting.Core.Editor", "Unity.VisualScripting.Core.Editor.csproj", "{63D6166A-67ED-35AC-E987-750FD05BAB2F}"
EndProject
Project("{FAE04EC0-301F-11D3-BF4B-00C04F79EFBC}") = "Unity.VisualScripting.Flow.Editor", "Unity.VisualScripting.Flow.Editor.csproj", "{B67EAA1A-E1F0-EEDE-35D3-14D3A4452212}"
EndProject
Project("{FAE04EC0-301F-11D3-BF4B-00C04F79EFBC}") = "UnityEditor.TestRunner", "UnityEditor.TestRunner.csproj", "{6B109449-FC10-EA6D-869B-897E7C8A970B}"
EndProject
Project("{FAE04EC0-301F-11D3-BF4B-00C04F79EFBC}") = "Unity.VisualScripting.SettingsProvider.Editor", "Unity.VisualScripting.SettingsProvider.Editor.csproj", "{04796116-AC3A-B7CF-7CC8-717184694098}"
EndProject
Project("{FAE04EC0-301F-11D3-BF4B-00C04F79EFBC}") = "UnityEngine.TestRunner", "UnityEngine.TestRunner.csproj", "{8A4B5CCA-C311-68E9-489C-6C1F84E3E563}"
EndProject
Project("{FAE04EC0-301F-11D3-BF4B-00C04F79EFBC}") = "UnityEngine.UI", "UnityEngine.UI.csproj", "{75DD5D9D-5EF0-F74A-A116-8D813DC4A790}"
EndProject
Project("{FAE04EC0-301F-11D3-BF4B-00C04F79EFBC}") = "Unity.VisualStudio.Editor", "Unity.VisualStudio.Editor.csproj", "{5E9F8C36-5681-8FEF-2408-97ED82E769AB}"
EndProject
Project("{FAE04EC0-301F-11D3-BF4B-00C04F79EFBC}") = "Unity.TestTools.CodeCoverage.Editor.OpenCover.Model", "Unity.TestTools.CodeCoverage.Editor.OpenCover.Model.csproj", "{167702C0-33E4-E8BF-2DC5-9925C10316CF}"
EndProject
Project("{FAE04EC0-301F-11D3-BF4B-00C04F79EFBC}") = "Unity.Rider.Editor", "Unity.Rider.Editor.csproj", "{87D20186-A4AF-07BF-168E-8ED2ADC1B5DE}"
EndProject
Project("{FAE04EC0-301F-11D3-BF4B-00C04F79EFBC}") = "Unity.VisualScripting.State.Editor", "Unity.VisualScripting.State.Editor.csproj", "{B92BB88B-CF67-4E0D-D0A9-602783D0B752}"
EndProject
Project("{FAE04EC0-301F-11D3-BF4B-00C04F79EFBC}") = "Assembly-CSharp", "Assembly-CSharp.csproj", "{4E7F7B8A-421A-C35E-501B-370F2E8EB82F}"
EndProject
Project("{FAE04EC0-301F-11D3-BF4B-00C04F79EFBC}") = "Unity.TestTools.CodeCoverage.Editor", "Unity.TestTools.CodeCoverage.Editor.csproj", "{71D1FE44-446C-F5B9-5B25-59A54389FC96}"
EndProject
Project("{FAE04EC0-301F-11D3-BF4B-00C04F79EFBC}") = "Unity.VisualScripting.State", "Unity.VisualScripting.State.csproj", "{7E395D01-2652-198F-4A77-3C28941EEB80}"
EndProject
Project("{FAE04EC0-301F-11D3-BF4B-00C04F79EFBC}") = "Unity.TextMeshPro", "Unity.TextMeshPro.csproj", "{F365B223-6132-ACD6-68AA-C05C16F0C1C5}"
EndProject
Project("{FAE04EC0-301F-11D3-BF4B-00C04F79EFBC}") = "Unity.Performance.Profile-Analyzer.Editor", "Unity.Performance.Profile-Analyzer.Editor.csproj", "{2D6FBA2F-6D53-702C-D587-C9C6554AB170}"
EndProject
Project("{FAE04EC0-301F-11D3-BF4B-00C04F79EFBC}") = "Unity.VSCode.Editor", "Unity.VSCode.Editor.csproj", "{ACE92160-89FB-2878-412D-8BC910D34296}"
EndProject
Project("{FAE04EC0-301F-11D3-BF4B-00C04F79EFBC}") = "Unity.TestTools.CodeCoverage.Editor.OpenCover.Mono.Reflection", "Unity.TestTools.CodeCoverage.Editor.OpenCover.Mono.Reflection.csproj", "{068C90A4-CFA8-577E-8A86-182B8DE48E8A}"
EndProject
Project("{FAE04EC0-301F-11D3-BF4B-00C04F79EFBC}") = "Unity.Settings.Editor", "Unity.Settings.Editor.csproj", "{7C031F91-101A-AFBF-317A-5281B3D5C02C}"
EndProject
Project("{FAE04EC0-301F-11D3-BF4B-00C04F79EFBC}") = "Unity.EditorCoroutines.Editor", "Unity.EditorCoroutines.Editor.csproj", "{3CCEB819-BC11-55F1-27E4-245B5A052EB6}"
EndProject
Project("{FAE04EC0-301F-11D3-BF4B-00C04F79EFBC}") = "Unity.VisualScripting.Shared.Editor", "Unity.VisualScripting.Shared.Editor.csproj", "{3D8AD782-C353-9181-69EE-8A689B54E3EB}"
EndProject
Project("{FAE04EC0-301F-11D3-BF4B-00C04F79EFBC}") = "Unity.CollabProxy.Editor", "Unity.CollabProxy.Editor.csproj", "{D0AAEF07-EEAC-4D64-DB40-2519279E3942}"
EndProject
Project("{FAE04EC0-301F-11D3-BF4B-00C04F79EFBC}") = "Unity.Timeline", "Unity.Timeline.Player.csproj", "{31B966BB-5FA5-3FC8-D926-C7CC1A5585E3}"
EndProject
Project("{FAE04EC0-301F-11D3-BF4B-00C04F79EFBC}") = "Unity.VisualScripting.Flow", "Unity.VisualScripting.Flow.Player.csproj", "{5D97681A-B2AD-0A75-01DF-2208E4229B27}"
EndProject
Project("{FAE04EC0-301F-11D3-BF4B-00C04F79EFBC}") = "Unity.VisualScripting.Core", "Unity.VisualScripting.Core.Player.csproj", "{43E67AD7-7EC1-CF39-6706-473DBFB9E292}"
EndProject
Project("{FAE04EC0-301F-11D3-BF4B-00C04F79EFBC}") = "UnityEngine.TestRunner", "UnityEngine.TestRunner.Player.csproj", "{B9BEE035-E074-4DCB-1F41-5364DFBDE09F}"
EndProject
Project("{FAE04EC0-301F-11D3-BF4B-00C04F79EFBC}") = "UnityEngine.UI", "UnityEngine.UI.Player.csproj", "{C23520F2-0FC3-BA27-7C7B-E3E988D3CE15}"
EndProject
Project("{FAE04EC0-301F-11D3-BF4B-00C04F79EFBC}") = "Assembly-CSharp", "Assembly-CSharp.Player.csproj", "{8958EAE9-4A84-C3DE-9B99-4DDE70CB6D39}"
EndProject
Project("{FAE04EC0-301F-11D3-BF4B-00C04F79EFBC}") = "Unity.VisualScripting.State", "Unity.VisualScripting.State.Player.csproj", "{E460AF8A-F23F-FC20-E0CD-C442414C22AF}"
EndProject
Project("{FAE04EC0-301F-11D3-BF4B-00C04F79EFBC}") = "Unity.TextMeshPro", "Unity.TextMeshPro.Player.csproj", "{6A98ABE0-2E94-18F1-D171-B8D3B84093A9}"
EndProject
Global
	GlobalSection(SolutionConfigurationPlatforms) = preSolution
		Debug|Any CPU = Debug|Any CPU
		Release|Any CPU = Release|Any CPU
	EndGlobalSection
	GlobalSection(ProjectConfigurationPlatforms) = postSolution
		{30079865-AAD2-3B95-6A0F-5D30A076102E}.Debug|Any CPU.ActiveCfg = Debug|Any CPU
		{30079865-AAD2-3B95-6A0F-5D30A076102E}.Debug|Any CPU.Build.0 = Debug|Any CPU
		{30079865-AAD2-3B95-6A0F-5D30A076102E}.Release|Any CPU.ActiveCfg = Release|Any CPU
		{30079865-AAD2-3B95-6A0F-5D30A076102E}.Release|Any CPU.Build.0 = Release|Any CPU
		{A6603FD5-F332-7B18-94DF-82A147DFBD65}.Debug|Any CPU.ActiveCfg = Debug|Any CPU
		{A6603FD5-F332-7B18-94DF-82A147DFBD65}.Debug|Any CPU.Build.0 = Debug|Any CPU
		{A6603FD5-F332-7B18-94DF-82A147DFBD65}.Release|Any CPU.ActiveCfg = Release|Any CPU
		{A6603FD5-F332-7B18-94DF-82A147DFBD65}.Release|Any CPU.Build.0 = Release|Any CPU
		{D93B05D7-82CF-E478-EBD6-78A6B83BC455}.Debug|Any CPU.ActiveCfg = Debug|Any CPU
		{D93B05D7-82CF-E478-EBD6-78A6B83BC455}.Debug|Any CPU.Build.0 = Debug|Any CPU
		{D93B05D7-82CF-E478-EBD6-78A6B83BC455}.Release|Any CPU.ActiveCfg = Release|Any CPU
		{D93B05D7-82CF-E478-EBD6-78A6B83BC455}.Release|Any CPU.Build.0 = Release|Any CPU
		{99132B09-82D9-034C-EEEA-51EF4B8844D7}.Debug|Any CPU.ActiveCfg = Debug|Any CPU
		{99132B09-82D9-034C-EEEA-51EF4B8844D7}.Debug|Any CPU.Build.0 = Debug|Any CPU
		{99132B09-82D9-034C-EEEA-51EF4B8844D7}.Release|Any CPU.ActiveCfg = Release|Any CPU
		{99132B09-82D9-034C-EEEA-51EF4B8844D7}.Release|Any CPU.Build.0 = Release|Any CPU
		{6A431192-AB78-71E8-F79E-A87307DEA587}.Debug|Any CPU.ActiveCfg = Debug|Any CPU
		{6A431192-AB78-71E8-F79E-A87307DEA587}.Debug|Any CPU.Build.0 = Debug|Any CPU
		{6A431192-AB78-71E8-F79E-A87307DEA587}.Release|Any CPU.ActiveCfg = Release|Any CPU
		{6A431192-AB78-71E8-F79E-A87307DEA587}.Release|Any CPU.Build.0 = Release|Any CPU
		{4A0E8B0A-CEB6-DA06-F808-48F31994E839}.Debug|Any CPU.ActiveCfg = Debug|Any CPU
		{4A0E8B0A-CEB6-DA06-F808-48F31994E839}.Debug|Any CPU.Build.0 = Debug|Any CPU
		{4A0E8B0A-CEB6-DA06-F808-48F31994E839}.Release|Any CPU.ActiveCfg = Release|Any CPU
		{4A0E8B0A-CEB6-DA06-F808-48F31994E839}.Release|Any CPU.Build.0 = Release|Any CPU
		{11F16769-35C0-22E0-81B2-3488F4444FBC}.Debug|Any CPU.ActiveCfg = Debug|Any CPU
		{11F16769-35C0-22E0-81B2-3488F4444FBC}.Debug|Any CPU.Build.0 = Debug|Any CPU
		{11F16769-35C0-22E0-81B2-3488F4444FBC}.Release|Any CPU.ActiveCfg = Release|Any CPU
		{11F16769-35C0-22E0-81B2-3488F4444FBC}.Release|Any CPU.Build.0 = Release|Any CPU
		{63D6166A-67ED-35AC-E987-750FD05BAB2F}.Debug|Any CPU.ActiveCfg = Debug|Any CPU
		{63D6166A-67ED-35AC-E987-750FD05BAB2F}.Debug|Any CPU.Build.0 = Debug|Any CPU
		{63D6166A-67ED-35AC-E987-750FD05BAB2F}.Release|Any CPU.ActiveCfg = Release|Any CPU
		{63D6166A-67ED-35AC-E987-750FD05BAB2F}.Release|Any CPU.Build.0 = Release|Any CPU
		{B67EAA1A-E1F0-EEDE-35D3-14D3A4452212}.Debug|Any CPU.ActiveCfg = Debug|Any CPU
		{B67EAA1A-E1F0-EEDE-35D3-14D3A4452212}.Debug|Any CPU.Build.0 = Debug|Any CPU
		{B67EAA1A-E1F0-EEDE-35D3-14D3A4452212}.Release|Any CPU.ActiveCfg = Release|Any CPU
		{B67EAA1A-E1F0-EEDE-35D3-14D3A4452212}.Release|Any CPU.Build.0 = Release|Any CPU
		{6B109449-FC10-EA6D-869B-897E7C8A970B}.Debug|Any CPU.ActiveCfg = Debug|Any CPU
		{6B109449-FC10-EA6D-869B-897E7C8A970B}.Debug|Any CPU.Build.0 = Debug|Any CPU
		{6B109449-FC10-EA6D-869B-897E7C8A970B}.Release|Any CPU.ActiveCfg = Release|Any CPU
		{6B109449-FC10-EA6D-869B-897E7C8A970B}.Release|Any CPU.Build.0 = Release|Any CPU
		{04796116-AC3A-B7CF-7CC8-717184694098}.Debug|Any CPU.ActiveCfg = Debug|Any CPU
		{04796116-AC3A-B7CF-7CC8-717184694098}.Debug|Any CPU.Build.0 = Debug|Any CPU
		{04796116-AC3A-B7CF-7CC8-717184694098}.Release|Any CPU.ActiveCfg = Release|Any CPU
		{04796116-AC3A-B7CF-7CC8-717184694098}.Release|Any CPU.Build.0 = Release|Any CPU
		{8A4B5CCA-C311-68E9-489C-6C1F84E3E563}.Debug|Any CPU.ActiveCfg = Debug|Any CPU
		{8A4B5CCA-C311-68E9-489C-6C1F84E3E563}.Debug|Any CPU.Build.0 = Debug|Any CPU
		{8A4B5CCA-C311-68E9-489C-6C1F84E3E563}.Release|Any CPU.ActiveCfg = Release|Any CPU
		{8A4B5CCA-C311-68E9-489C-6C1F84E3E563}.Release|Any CPU.Build.0 = Release|Any CPU
		{75DD5D9D-5EF0-F74A-A116-8D813DC4A790}.Debug|Any CPU.ActiveCfg = Debug|Any CPU
		{75DD5D9D-5EF0-F74A-A116-8D813DC4A790}.Debug|Any CPU.Build.0 = Debug|Any CPU
		{75DD5D9D-5EF0-F74A-A116-8D813DC4A790}.Release|Any CPU.ActiveCfg = Release|Any CPU
		{75DD5D9D-5EF0-F74A-A116-8D813DC4A790}.Release|Any CPU.Build.0 = Release|Any CPU
		{5E9F8C36-5681-8FEF-2408-97ED82E769AB}.Debug|Any CPU.ActiveCfg = Debug|Any CPU
		{5E9F8C36-5681-8FEF-2408-97ED82E769AB}.Debug|Any CPU.Build.0 = Debug|Any CPU
		{5E9F8C36-5681-8FEF-2408-97ED82E769AB}.Release|Any CPU.ActiveCfg = Release|Any CPU
		{5E9F8C36-5681-8FEF-2408-97ED82E769AB}.Release|Any CPU.Build.0 = Release|Any CPU
		{167702C0-33E4-E8BF-2DC5-9925C10316CF}.Debug|Any CPU.ActiveCfg = Debug|Any CPU
		{167702C0-33E4-E8BF-2DC5-9925C10316CF}.Debug|Any CPU.Build.0 = Debug|Any CPU
		{167702C0-33E4-E8BF-2DC5-9925C10316CF}.Release|Any CPU.ActiveCfg = Release|Any CPU
		{167702C0-33E4-E8BF-2DC5-9925C10316CF}.Release|Any CPU.Build.0 = Release|Any CPU
		{87D20186-A4AF-07BF-168E-8ED2ADC1B5DE}.Debug|Any CPU.ActiveCfg = Debug|Any CPU
		{87D20186-A4AF-07BF-168E-8ED2ADC1B5DE}.Debug|Any CPU.Build.0 = Debug|Any CPU
		{87D20186-A4AF-07BF-168E-8ED2ADC1B5DE}.Release|Any CPU.ActiveCfg = Release|Any CPU
		{87D20186-A4AF-07BF-168E-8ED2ADC1B5DE}.Release|Any CPU.Build.0 = Release|Any CPU
		{B92BB88B-CF67-4E0D-D0A9-602783D0B752}.Debug|Any CPU.ActiveCfg = Debug|Any CPU
		{B92BB88B-CF67-4E0D-D0A9-602783D0B752}.Debug|Any CPU.Build.0 = Debug|Any CPU
		{B92BB88B-CF67-4E0D-D0A9-602783D0B752}.Release|Any CPU.ActiveCfg = Release|Any CPU
		{B92BB88B-CF67-4E0D-D0A9-602783D0B752}.Release|Any CPU.Build.0 = Release|Any CPU
		{4E7F7B8A-421A-C35E-501B-370F2E8EB82F}.Debug|Any CPU.ActiveCfg = Debug|Any CPU
		{4E7F7B8A-421A-C35E-501B-370F2E8EB82F}.Debug|Any CPU.Build.0 = Debug|Any CPU
		{4E7F7B8A-421A-C35E-501B-370F2E8EB82F}.Release|Any CPU.ActiveCfg = Release|Any CPU
		{4E7F7B8A-421A-C35E-501B-370F2E8EB82F}.Release|Any CPU.Build.0 = Release|Any CPU
		{71D1FE44-446C-F5B9-5B25-59A54389FC96}.Debug|Any CPU.ActiveCfg = Debug|Any CPU
		{71D1FE44-446C-F5B9-5B25-59A54389FC96}.Debug|Any CPU.Build.0 = Debug|Any CPU
		{71D1FE44-446C-F5B9-5B25-59A54389FC96}.Release|Any CPU.ActiveCfg = Release|Any CPU
		{71D1FE44-446C-F5B9-5B25-59A54389FC96}.Release|Any CPU.Build.0 = Release|Any CPU
		{7E395D01-2652-198F-4A77-3C28941EEB80}.Debug|Any CPU.ActiveCfg = Debug|Any CPU
		{7E395D01-2652-198F-4A77-3C28941EEB80}.Debug|Any CPU.Build.0 = Debug|Any CPU
		{7E395D01-2652-198F-4A77-3C28941EEB80}.Release|Any CPU.ActiveCfg = Release|Any CPU
		{7E395D01-2652-198F-4A77-3C28941EEB80}.Release|Any CPU.Build.0 = Release|Any CPU
		{F365B223-6132-ACD6-68AA-C05C16F0C1C5}.Debug|Any CPU.ActiveCfg = Debug|Any CPU
		{F365B223-6132-ACD6-68AA-C05C16F0C1C5}.Debug|Any CPU.Build.0 = Debug|Any CPU
		{F365B223-6132-ACD6-68AA-C05C16F0C1C5}.Release|Any CPU.ActiveCfg = Release|Any CPU
		{F365B223-6132-ACD6-68AA-C05C16F0C1C5}.Release|Any CPU.Build.0 = Release|Any CPU
		{2D6FBA2F-6D53-702C-D587-C9C6554AB170}.Debug|Any CPU.ActiveCfg = Debug|Any CPU
		{2D6FBA2F-6D53-702C-D587-C9C6554AB170}.Debug|Any CPU.Build.0 = Debug|Any CPU
		{2D6FBA2F-6D53-702C-D587-C9C6554AB170}.Release|Any CPU.ActiveCfg = Release|Any CPU
		{2D6FBA2F-6D53-702C-D587-C9C6554AB170}.Release|Any CPU.Build.0 = Release|Any CPU
		{ACE92160-89FB-2878-412D-8BC910D34296}.Debug|Any CPU.ActiveCfg = Debug|Any CPU
		{ACE92160-89FB-2878-412D-8BC910D34296}.Debug|Any CPU.Build.0 = Debug|Any CPU
		{ACE92160-89FB-2878-412D-8BC910D34296}.Release|Any CPU.ActiveCfg = Release|Any CPU
		{ACE92160-89FB-2878-412D-8BC910D34296}.Release|Any CPU.Build.0 = Release|Any CPU
		{068C90A4-CFA8-577E-8A86-182B8DE48E8A}.Debug|Any CPU.ActiveCfg = Debug|Any CPU
		{068C90A4-CFA8-577E-8A86-182B8DE48E8A}.Debug|Any CPU.Build.0 = Debug|Any CPU
		{068C90A4-CFA8-577E-8A86-182B8DE48E8A}.Release|Any CPU.ActiveCfg = Release|Any CPU
		{068C90A4-CFA8-577E-8A86-182B8DE48E8A}.Release|Any CPU.Build.0 = Release|Any CPU
		{7C031F91-101A-AFBF-317A-5281B3D5C02C}.Debug|Any CPU.ActiveCfg = Debug|Any CPU
		{7C031F91-101A-AFBF-317A-5281B3D5C02C}.Debug|Any CPU.Build.0 = Debug|Any CPU
		{7C031F91-101A-AFBF-317A-5281B3D5C02C}.Release|Any CPU.ActiveCfg = Release|Any CPU
		{7C031F91-101A-AFBF-317A-5281B3D5C02C}.Release|Any CPU.Build.0 = Release|Any CPU
		{3CCEB819-BC11-55F1-27E4-245B5A052EB6}.Debug|Any CPU.ActiveCfg = Debug|Any CPU
		{3CCEB819-BC11-55F1-27E4-245B5A052EB6}.Debug|Any CPU.Build.0 = Debug|Any CPU
		{3CCEB819-BC11-55F1-27E4-245B5A052EB6}.Release|Any CPU.ActiveCfg = Release|Any CPU
		{3CCEB819-BC11-55F1-27E4-245B5A052EB6}.Release|Any CPU.Build.0 = Release|Any CPU
		{3D8AD782-C353-9181-69EE-8A689B54E3EB}.Debug|Any CPU.ActiveCfg = Debug|Any CPU
		{3D8AD782-C353-9181-69EE-8A689B54E3EB}.Debug|Any CPU.Build.0 = Debug|Any CPU
		{3D8AD782-C353-9181-69EE-8A689B54E3EB}.Release|Any CPU.ActiveCfg = Release|Any CPU
		{3D8AD782-C353-9181-69EE-8A689B54E3EB}.Release|Any CPU.Build.0 = Release|Any CPU
		{D0AAEF07-EEAC-4D64-DB40-2519279E3942}.Debug|Any CPU.ActiveCfg = Debug|Any CPU
		{D0AAEF07-EEAC-4D64-DB40-2519279E3942}.Debug|Any CPU.Build.0 = Debug|Any CPU
		{D0AAEF07-EEAC-4D64-DB40-2519279E3942}.Release|Any CPU.ActiveCfg = Release|Any CPU
		{D0AAEF07-EEAC-4D64-DB40-2519279E3942}.Release|Any CPU.Build.0 = Release|Any CPU
		{31B966BB-5FA5-3FC8-D926-C7CC1A5585E3}.Debug|Any CPU.ActiveCfg = Debug|Any CPU
		{31B966BB-5FA5-3FC8-D926-C7CC1A5585E3}.Debug|Any CPU.Build.0 = Debug|Any CPU
		{31B966BB-5FA5-3FC8-D926-C7CC1A5585E3}.Release|Any CPU.ActiveCfg = Release|Any CPU
		{31B966BB-5FA5-3FC8-D926-C7CC1A5585E3}.Release|Any CPU.Build.0 = Release|Any CPU
		{5D97681A-B2AD-0A75-01DF-2208E4229B27}.Debug|Any CPU.ActiveCfg = Debug|Any CPU
		{5D97681A-B2AD-0A75-01DF-2208E4229B27}.Debug|Any CPU.Build.0 = Debug|Any CPU
		{5D97681A-B2AD-0A75-01DF-2208E4229B27}.Release|Any CPU.ActiveCfg = Release|Any CPU
		{5D97681A-B2AD-0A75-01DF-2208E4229B27}.Release|Any CPU.Build.0 = Release|Any CPU
		{43E67AD7-7EC1-CF39-6706-473DBFB9E292}.Debug|Any CPU.ActiveCfg = Debug|Any CPU
		{43E67AD7-7EC1-CF39-6706-473DBFB9E292}.Debug|Any CPU.Build.0 = Debug|Any CPU
		{43E67AD7-7EC1-CF39-6706-473DBFB9E292}.Release|Any CPU.ActiveCfg = Release|Any CPU
		{43E67AD7-7EC1-CF39-6706-473DBFB9E292}.Release|Any CPU.Build.0 = Release|Any CPU
		{B9BEE035-E074-4DCB-1F41-5364DFBDE09F}.Debug|Any CPU.ActiveCfg = Debug|Any CPU
		{B9BEE035-E074-4DCB-1F41-5364DFBDE09F}.Debug|Any CPU.Build.0 = Debug|Any CPU
		{B9BEE035-E074-4DCB-1F41-5364DFBDE09F}.Release|Any CPU.ActiveCfg = Release|Any CPU
		{B9BEE035-E074-4DCB-1F41-5364DFBDE09F}.Release|Any CPU.Build.0 = Release|Any CPU
		{C23520F2-0FC3-BA27-7C7B-E3E988D3CE15}.Debug|Any CPU.ActiveCfg = Debug|Any CPU
		{C23520F2-0FC3-BA27-7C7B-E3E988D3CE15}.Debug|Any CPU.Build.0 = Debug|Any CPU
		{C23520F2-0FC3-BA27-7C7B-E3E988D3CE15}.Release|Any CPU.ActiveCfg = Release|Any CPU
		{C23520F2-0FC3-BA27-7C7B-E3E988D3CE15}.Release|Any CPU.Build.0 = Release|Any CPU
		{8958EAE9-4A84-C3DE-9B99-4DDE70CB6D39}.Debug|Any CPU.ActiveCfg = Debug|Any CPU
		{8958EAE9-4A84-C3DE-9B99-4DDE70CB6D39}.Debug|Any CPU.Build.0 = Debug|Any CPU
		{8958EAE9-4A84-C3DE-9B99-4DDE70CB6D39}.Release|Any CPU.ActiveCfg = Release|Any CPU
		{8958EAE9-4A84-C3DE-9B99-4DDE70CB6D39}.Release|Any CPU.Build.0 = Release|Any CPU
		{E460AF8A-F23F-FC20-E0CD-C442414C22AF}.Debug|Any CPU.ActiveCfg = Debug|Any CPU
		{E460AF8A-F23F-FC20-E0CD-C442414C22AF}.Debug|Any CPU.Build.0 = Debug|Any CPU
		{E460AF8A-F23F-FC20-E0CD-C442414C22AF}.Release|Any CPU.ActiveCfg = Release|Any CPU
		{E460AF8A-F23F-FC20-E0CD-C442414C22AF}.Release|Any CPU.Build.0 = Release|Any CPU
		{6A98ABE0-2E94-18F1-D171-B8D3B84093A9}.Debug|Any CPU.ActiveCfg = Debug|Any CPU
		{6A98ABE0-2E94-18F1-D171-B8D3B84093A9}.Debug|Any CPU.Build.0 = Debug|Any CPU
		{6A98ABE0-2E94-18F1-D171-B8D3B84093A9}.Release|Any CPU.ActiveCfg = Release|Any CPU
		{6A98ABE0-2E94-18F1-D171-B8D3B84093A9}.Release|Any CPU.Build.0 = Release|Any CPU
	EndGlobalSection
	GlobalSection(SolutionProperties) = preSolution
		HideSolutionNode = FALSE
	EndGlobalSection
EndGlobal
